
Microsoft Visual Studio Solution File, Format Version 12.00
# Visual Studio Version 17
VisualStudioVersion = 17.0.31903.59
MinimumVisualStudioVersion = 10.0.40219.1
Project("{FAE04EC0-301F-11D3-BF4B-00C04F79EFBC}") = "klasaInfo", "klasaInfo.csproj", "{765264D1-ADE1-408C-91CE-F0DF41BE3F09}"
EndProject
Global
	GlobalSection(SolutionConfigurationPlatforms) = preSolution
		Debug|Any CPU = Debug|Any CPU
		Release|Any CPU = Release|Any CPU
	EndGlobalSection
	GlobalSection(ProjectConfigurationPlatforms) = postSolution
		{765264D1-ADE1-408C-91CE-F0DF41BE3F09}.Debug|Any CPU.ActiveCfg = Debug|Any CPU
		{765264D1-ADE1-408C-91CE-F0DF41BE3F09}.Debug|Any CPU.Build.0 = Debug|Any CPU
		{765264D1-ADE1-408C-91CE-F0DF41BE3F09}.Release|Any CPU.ActiveCfg = Release|Any CPU
		{765264D1-ADE1-408C-91CE-F0DF41BE3F09}.Release|Any CPU.Build.0 = Release|Any CPU
	EndGlobalSection
	GlobalSection(SolutionProperties) = preSolution
		HideSolutionNode = FALSE
	EndGlobalSection
	GlobalSection(ExtensibilityGlobals) = postSolution
		SolutionGuid = {496ED6C3-1D70-4692-AD29-100DB7CBDE22}
	EndGlobalSection
EndGlobal
